// !$*UTF8*$!
{
	archiveVersion = 1;
	classes = {
	};
	objectVersion = 48;
	objects = {

/* Begin PBXBuildFile section */
		BE07F92A20BBA2A4003C7BD9 /* AppDelegate.swift in Sources */ = {isa = PBXBuildFile; fileRef = BE07F92920BBA2A4003C7BD9 /* AppDelegate.swift */; };
		BE07F92C20BBA2A4003C7BD9 /* ViewController.swift in Sources */ = {isa = PBXBuildFile; fileRef = BE07F92B20BBA2A4003C7BD9 /* ViewController.swift */; };
		BE07F92F20BBA2A4003C7BD9 /* Main.storyboard in Resources */ = {isa = PBXBuildFile; fileRef = BE07F92D20BBA2A4003C7BD9 /* Main.storyboard */; };
		BE07F93120BBA2A4003C7BD9 /* Assets.xcassets in Resources */ = {isa = PBXBuildFile; fileRef = BE07F93020BBA2A4003C7BD9 /* Assets.xcassets */; };
		BE07F93420BBA2A4003C7BD9 /* LaunchScreen.storyboard in Resources */ = {isa = PBXBuildFile; fileRef = BE07F93220BBA2A4003C7BD9 /* LaunchScreen.storyboard */; };
/* End PBXBuildFile section */

/* Begin PBXFileReference section */
		BE07F92620BBA2A4003C7BD9 /* HelloWOrld.app */ = {isa = PBXFileReference; explicitFileType = wrapper.application; includeInIndex = 0; path = HelloWOrld.app; sourceTree = BUILT_PRODUCTS_DIR; };
		BE07F92920BBA2A4003C7BD9 /* AppDelegate.swift */ = {isa = PBXFileReference; lastKnownFileType = sourcecode.swift; path = AppDelegate.swift; sourceTree = "<group>"; };
		BE07F92B20BBA2A4003C7BD9 /* ViewController.swift */ = {isa = PBXFileReference; lastKnownFileType = sourcecode.swift; path = ViewController.swift; sourceTree = "<group>"; };
		BE07F92E20BBA2A4003C7BD9 /* Base */ = {isa = PBXFileReference; lastKnownFileType = file.storyboard; name = Base; path = Base.lproj/Main.storyboard; sourceTree = "<group>"; };
		BE07F93020BBA2A4003C7BD9 /* Assets.xcassets */ = {isa = PBXFileReference; lastKnownFileType = folder.assetcatalog; path = Assets.xcassets; sourceTree = "<group>"; };
		BE07F93320BBA2A4003C7BD9 /* Base */ = {isa = PBXFileReference; lastKnownFileType = file.storyboard; name = Base; path = Base.lproj/LaunchScreen.storyboard; sourceTree = "<group>"; };
		BE07F93520BBA2A4003C7BD9 /* Info.plist */ = {isa = PBXFileReference; lastKnownFileType = text.plist.xml; path = Info.plist; sourceTree = "<group>"; };
/* End PBXFileReference section */

/* Begin PBXFrameworksBuildPhase section */
		BE07F92320BBA2A4003C7BD9 /* Frameworks */ = {
			isa = PBXFrameworksBuildPhase;
			buildActionMask = 2147483647;
			files = (
			);
			runOnlyForDeploymentPostprocessing = 0;
		};
/* End PBXFrameworksBuildPhase section */

/* Begin PBXGroup section */
		BE07F91D20BBA2A4003C7BD9 = {
			isa = PBXGroup;
			children = (
				BE07F92820BBA2A4003C7BD9 /* HelloWOrld */,
				BE07F92720BBA2A4003C7BD9 /* Products */,
			);
			sourceTree = "<group>";
		};
		BE07F92720BBA2A4003C7BD9 /* Products */ = {
			isa = PBXGroup;
			children = (
				BE07F92620BBA2A4003C7BD9 /* HelloWOrld.app */,
			);
			name = Products;
			sourceTree = "<group>";
		};
		BE07F92820BBA2A4003C7BD9 /* HelloWOrld */ = {
			isa = PBXGroup;
			children = (
				BE07F92920BBA2A4003C7BD9 /* AppDelegate.swift */,
				BE07F92B20BBA2A4003C7BD9 /* ViewController.swift */,
				BE07F92D20BBA2A4003C7BD9 /* Main.storyboard */,
				BE07F93020BBA2A4003C7BD9 /* Assets.xcassets */,
				BE07F93220BBA2A4003C7BD9 /* LaunchScreen.storyboard */,
				BE07F93520BBA2A4003C7BD9 /* Info.plist */,
			);
			path = HelloWOrld;
			sourceTree = "<group>";
		};
/* End PBXGroup section */

/* Begin PBXNativeTarget section */
		BE07F92520BBA2A4003C7BD9 /* HelloWOrld */ = {
			isa = PBXNativeTarget;
			buildConfigurationList = BE07F93820BBA2A4003C7BD9 /* Build configuration list for PBXNativeTarget "HelloWOrld" */;
			buildPhases = (
				BE07F92220BBA2A4003C7BD9 /* Sources */,
				BE07F92320BBA2A4003C7BD9 /* Frameworks */,
				BE07F92420BBA2A4003C7BD9 /* Resources */,
			);
			buildRules = (
			);
			dependencies = (
			);
			name = HelloWOrld;
			productName = HelloWOrld;
			productReference = BE07F92620BBA2A4003C7BD9 /* HelloWOrld.app */;
			productType = "com.apple.product-type.application";
		};
/* End PBXNativeTarget section */

/* Begin PBXProject section */
		BE07F91E20BBA2A4003C7BD9 /* Project object */ = {
			isa = PBXProject;
			attributes = {
				LastSwiftUpdateCheck = 0920;
				LastUpgradeCheck = 0920;
				ORGANIZATIONNAME = "William Friedrich";
				TargetAttributes = {
					BE07F92520BBA2A4003C7BD9 = {
						CreatedOnToolsVersion = 9.2;
						ProvisioningStyle = Automatic;
					};
				};
			};
			buildConfigurationList = BE07F92120BBA2A4003C7BD9 /* Build configuration list for PBXProject "HelloWOrld" */;
			compatibilityVersion = "Xcode 8.0";
			developmentRegion = en;
			hasScannedForEncodings = 0;
			knownRegions = (
				en,
				Base,
			);
			mainGroup = BE07F91D20BBA2A4003C7BD9;
			productRefGroup = BE07F92720BBA2A4003C7BD9 /* Products */;
			projectDirPath = "";
			projectRoot = "";
			targets = (
				BE07F92520BBA2A4003C7BD9 /* HelloWOrld */,
			);
		};
/* End PBXProject section */

/* Begin PBXResourcesBuildPhase section */
		BE07F92420BBA2A4003C7BD9 /* Resources */ = {
			isa = PBXResourcesBuildPhase;
			buildActionMask = 2147483647;
			files = (
				BE07F93420BBA2A4003C7BD9 /* LaunchScreen.storyboard in Resources */,
				BE07F93120BBA2A4003C7BD9 /* Assets.xcassets in Resources */,
				BE07F92F20BBA2A4003C7BD9 /* Main.storyboard in Resources */,
			);
			runOnlyForDeploymentPostprocessing = 0;
		};
/* End PBXResourcesBuildPhase section */

/* Begin PBXSourcesBuildPhase section */
		BE07F92220BBA2A4003C7BD9 /* Sources */ = {
			isa = PBXSourcesBuildPhase;
			buildActionMask = 2147483647;
			files = (
				BE07F92C20BBA2A4003C7BD9 /* ViewController.swift in Sources */,
				BE07F92A20BBA2A4003C7BD9 /* AppDelegate.swift in Sources */,
			);
			runOnlyForDeploymentPostprocessing = 0;
		};
/* End PBXSourcesBuildPhase section */

/* Begin PBXVariantGroup section */
		BE07F92D20BBA2A4003C7BD9 /* Main.storyboard */ = {
			isa = PBXVariantGroup;
			children = (
				BE07F92E20BBA2A4003C7BD9 /* Base */,
			);
			name = Main.storyboard;
			sourceTree = "<group>";
		};
		BE07F93220BBA2A4003C7BD9 /* LaunchScreen.storyboard */ = {
			isa = PBXVariantGroup;
			children = (
				BE07F93320BBA2A4003C7BD9 /* Base */,
			);
			name = LaunchScreen.storyboard;
			sourceTree = "<group>";
		};
/* End PBXVariantGroup section */

/* Begin XCBuildConfiguration section */
		BE07F93620BBA2A4003C7BD9 /* Debug */ = {
			isa = XCBuildConfiguration;
			buildSettings = {
				ALWAYS_SEARCH_USER_PATHS = NO;
				CLANG_ANALYZER_NONNULL = YES;
				CLANG_ANALYZER_NUMBER_OBJECT_CONVERSION = YES_AGGRESSIVE;
				CLANG_CXX_LANGUAGE_STANDARD = "gnu++14";
				CLANG_CXX_LIBRARY = "libc++";
				CLANG_ENABLE_MODULES = YES;
				CLANG_ENABLE_OBJC_ARC = YES;
				CLANG_WARN_BLOCK_CAPTURE_AUTORELEASING = YES;
				CLANG_WARN_BOOL_CONVERSION = YES;
				CLANG_WARN_COMMA = YES;
				CLANG_WARN_CONSTANT_CONVERSION = YES;
				CLANG_WARN_DIRECT_OBJC_ISA_USAGE = YES_ERROR;
				CLANG_WARN_DOCUMENTATION_COMMENTS = YES;
				CLANG_WARN_EMPTY_BODY = YES;
				CLANG_WARN_ENUM_CONVERSION = YES;
				CLANG_WARN_INFINITE_RECURSION = YES;
				CLANG_WARN_INT_CONVERSION = YES;
				CLANG_WARN_NON_LITERAL_NULL_CONVERSION = YES;
				CLANG_WARN_OBJC_LITERAL_CONVERSION = YES;
				CLANG_WARN_OBJC_ROOT_CLASS = YES_ERROR;
				CLANG_WARN_RANGE_LOOP_ANALYSIS = YES;
				CLANG_WARN_STRICT_PROTOTYPES = YES;
				CLANG_WARN_SUSPICIOUS_MOVE = YES;
				CLANG_WARN_UNGUARDED_AVAILABILITY = YES_AGGRESSIVE;
				CLANG_WARN_UNREACHABLE_CODE = YES;
				CLANG_WARN__DUPLICATE_METHOD_MATCH = YES;
				CODE_SIGN_IDENTITY = "iPhone Developer";
				COPY_PHASE_STRIP = NO;
				DEBUG_INFORMATION_FORMAT = dwarf;
				ENABLE_STRICT_OBJC_MSGSEND = YES;
				ENABLE_TESTABILITY = YES;
				GCC_C_LANGUAGE_STANDARD = gnu11;
				GCC_DYNAMIC_NO_PIC = NO;
				GCC_NO_COMMON_BLOCKS = YES;
				GCC_OPTIMIZATION_LEVEL = 0;
				GCC_PREPROCESSOR_DEFINITIONS = (
					"DEBUG=1",
					"$(inherited)",
				);
				GCC_WARN_64_TO_32_BIT_CONVERSION = YES;
				GCC_WARN_ABOUT_RETURN_TYPE = YES_ERROR;
				GCC_WARN_UNDECLARED_SELECTOR = YES;
				GCC_WARN_UNINITIALIZED_AUTOS = YES_AGGRESSIVE;
				GCC_WARN_UNUSED_FUNCTION = YES;
				GCC_WARN_UNUSED_VARIABLE = YES;
				IPHONEOS_DEPLOYMENT_TARGET = 11.2;
				MTL_ENABLE_DEBUG_INFO = YES;
				ONLY_ACTIVE_ARCH = YES;
				SDKROOT = iphoneos;
				SWIFT_ACTIVE_COMPILATION_CONDITIONS = DEBUG;
				SWIFT_OPTIMIZATION_LEVEL = "-Onone";
			};
			name = Debug;
		};
		BE07F93720BBA2A4003C7BD9 /* Release */ = {
			isa = XCBuildConfiguration;
			buildSettings = {
				ALWAYS_SEARCH_USER_PATHS = NO;
				CLANG_ANALYZER_NONNULL = YES;
				CLANG_ANALYZER_NUMBER_OBJECT_CONVERSION = YES_AGGRESSIVE;
				CLANG_CXX_LANGUAGE_STANDARD = "gnu++14";
				CLANG_CXX_LIBRARY = "libc++";
				CLANG_ENABLE_MODULES = YES;
				CLANG_ENABLE_OBJC_ARC = YES;
				CLANG_WARN_BLOCK_CAPTURE_AUTORELEASING = YES;
				CLANG_WARN_BOOL_CONVERSION = YES;
				CLANG_WARN_COMMA = YES;
				CLANG_WARN_CONSTANT_CONVERSION = YES;
				CLANG_WARN_DIRECT_OBJC_ISA_USAGE = YES_ERROR;
				CLANG_WARN_DOCUMENTATION_COMMENTS = YES;
				CLANG_WARN_EMPTY_BODY = YES;
				CLANG_WARN_ENUM_CONVERSION = YES;
				CLANG_WARN_INFINITE_RECURSION = YES;
				CLANG_WARN_INT_CONVERSION = YES;
				CLANG_WARN_NON_LITERAL_NULL_CONVERSION = YES;
				CLANG_WARN_OBJC_LITERAL_CONVERSION = YES;
				CLANG_WARN_OBJC_ROOT_CLASS = YES_ERROR;
				CLANG_WARN_RANGE_LOOP_ANALYSIS = YES;
				CLANG_WARN_STRICT_PROTOTYPES = YES;
				CLANG_WARN_SUSPICIOUS_MOVE = YES;
				CLANG_WARN_UNGUARDED_AVAILABILITY = YES_AGGRESSIVE;
				CLANG_WARN_UNREACHABLE_CODE = YES;
				CLANG_WARN__DUPLICATE_METHOD_MATCH = YES;
				CODE_SIGN_IDENTITY = "iPhone Developer";
				COPY_PHASE_STRIP = NO;
				DEBUG_INFORMATION_FORMAT = "dwarf-with-dsym";
				ENABLE_NS_ASSERTIONS = NO;
				ENABLE_STRICT_OBJC_MSGSEND = YES;
				GCC_C_LANGUAGE_STANDARD = gnu11;
				GCC_NO_COMMON_BLOCKS = YES;
				GCC_WARN_64_TO_32_BIT_CONVERSION = YES;
				GCC_WARN_ABOUT_RETURN_TYPE = YES_ERROR;
				GCC_WARN_UNDECLARED_SELECTOR = YES;
				GCC_WARN_UNINITIALIZED_AUTOS = YES_AGGRESSIVE;
				GCC_WARN_UNUSED_FUNCTION = YES;
				GCC_WARN_UNUSED_VARIABLE = YES;
				IPHONEOS_DEPLOYMENT_TARGET = 11.2;
				MTL_ENABLE_DEBUG_INFO = NO;
				SDKROOT = iphoneos;
				SWIFT_OPTIMIZATION_LEVEL = "-Owholemodule";
				VALIDATE_PRODUCT = YES;
			};
			name = Release;
		};
		BE07F93920BBA2A4003C7BD9 /* Debug */ = {
			isa = XCBuildConfiguration;
			buildSettings = {
				ASSETCATALOG_COMPILER_APPICON_NAME = AppIcon;
				CODE_SIGN_STYLE = Automatic;
				DEVELOPMENT_TEAM = L6P3G7G9CX;
				INFOPLIST_FILE = HelloWOrld/Info.plist;
				LD_RUNPATH_SEARCH_PATHS = "$(inherited) @executable_path/Frameworks";
				PRODUCT_BUNDLE_IDENTIFIER = com.FriedrichWilliam.HelloWOrld;
				PRODUCT_NAME = "$(TARGET_NAME)";
				SWIFT_VERSION = 4.0;
				TARGETED_DEVICE_FAMILY = "1,2";
			};
			name = Debug;
		};
		BE07F93A20BBA2A4003C7BD9 /* Release */ = {
			isa = XCBuildConfiguration;
			buildSettings = {
				ASSETCATALOG_COMPILER_APPICON_NAME = AppIcon;
				CODE_SIGN_STYLE = Automatic;
				DEVELOPMENT_TEAM = L6P3G7G9CX;
				INFOPLIST_FILE = HelloWOrld/Info.plist;
				LD_RUNPATH_SEARCH_PATHS = "$(inherited) @executable_path/Frameworks";
				PRODUCT_BUNDLE_IDENTIFIER = com.FriedrichWilliam.HelloWOrld;
				PRODUCT_NAME = "$(TARGET_NAME)";
				SWIFT_VERSION = 4.0;
				TARGETED_DEVICE_FAMILY = "1,2";
			};
			name = Release;
		};
/* End XCBuildConfiguration section */

/* Begin XCConfigurationList section */
		BE07F92120BBA2A4003C7BD9 /* Build configuration list for PBXProject "HelloWOrld" */ = {
			isa = XCConfigurationList;
			buildConfigurations = (
				BE07F93620BBA2A4003C7BD9 /* Debug */,
				BE07F93720BBA2A4003C7BD9 /* Release */,
			);
			defaultConfigurationIsVisible = 0;
			defaultConfigurationName = Release;
		};
		BE07F93820BBA2A4003C7BD9 /* Build configuration list for PBXNativeTarget "HelloWOrld" */ = {
			isa = XCConfigurationList;
			buildConfigurations = (
				BE07F93920BBA2A4003C7BD9 /* Debug */,
				BE07F93A20BBA2A4003C7BD9 /* Release */,
			);
			defaultConfigurationIsVisible = 0;
			defaultConfigurationName = Release;
		};
/* End XCConfigurationList section */
	};
	rootObject = BE07F91E20BBA2A4003C7BD9 /* Project object */;
}
